
Microsoft Visual Studio Solution File, Format Version 12.00
# Visual Studio 15
VisualStudioVersion = 15.0.26124.0
MinimumVisualStudioVersion = 15.0.26124.0
Project("{2150E333-8FDC-42A3-9474-1A3956D46DE8}") = "TestProject", "TestProject", "{90819400-F240-11E8-A7A9-879353D008B0}"
EndProject
Project("{FAE04EC0-301F-11D3-BF4B-00C04F79EFBC}") = "hellolaodi", "hellolaodi\hellolaodi.csproj", "{7FBE6102-7A84-4A63-A3EA-89BC8BD1898E}"
EndProject
Project("{FAE04EC0-301F-11D3-BF4B-00C04F79EFBC}") = "Test2", "Test2\Test2.csproj", "{856E9B40-D94F-422C-A381-69DFAE5FF93D}"
EndProject
Project("{2150E333-8FDC-42A3-9474-1A3956D46DE8}") = "ShowSomgThing", "ShowSomgThing", "{7AB0B6A3-E23F-45ED-B880-BF8FC28EB55F}"
EndProject
Project("{2150E333-8FDC-42A3-9474-1A3956D46DE8}") = "Sample01", "Sample01", "{22819251-203B-458C-81F1-A6BC6ABC7085}"
EndProject
Project("{FAE04EC0-301F-11D3-BF4B-00C04F79EFBC}") = "Sample01", "ShowSomgThing\Sample01\Sample01\Sample01.csproj", "{6750EC25-3BC9-486D-8272-72E097537EF8}"
EndProject
Global
	GlobalSection(SolutionConfigurationPlatforms) = preSolution
		Debug|Any CPU = Debug|Any CPU
		Debug|x64 = Debug|x64
		Debug|x86 = Debug|x86
		Release|Any CPU = Release|Any CPU
		Release|x64 = Release|x64
		Release|x86 = Release|x86
	EndGlobalSection
	GlobalSection(SolutionProperties) = preSolution
		HideSolutionNode = FALSE
	EndGlobalSection
	GlobalSection(ProjectConfigurationPlatforms) = postSolution
		{7FBE6102-7A84-4A63-A3EA-89BC8BD1898E}.Debug|Any CPU.ActiveCfg = Debug|Any CPU
		{7FBE6102-7A84-4A63-A3EA-89BC8BD1898E}.Debug|Any CPU.Build.0 = Debug|Any CPU
		{7FBE6102-7A84-4A63-A3EA-89BC8BD1898E}.Debug|x64.ActiveCfg = Debug|Any CPU
		{7FBE6102-7A84-4A63-A3EA-89BC8BD1898E}.Debug|x64.Build.0 = Debug|Any CPU
		{7FBE6102-7A84-4A63-A3EA-89BC8BD1898E}.Debug|x86.ActiveCfg = Debug|Any CPU
		{7FBE6102-7A84-4A63-A3EA-89BC8BD1898E}.Debug|x86.Build.0 = Debug|Any CPU
		{7FBE6102-7A84-4A63-A3EA-89BC8BD1898E}.Release|Any CPU.ActiveCfg = Release|Any CPU
		{7FBE6102-7A84-4A63-A3EA-89BC8BD1898E}.Release|Any CPU.Build.0 = Release|Any CPU
		{7FBE6102-7A84-4A63-A3EA-89BC8BD1898E}.Release|x64.ActiveCfg = Release|Any CPU
		{7FBE6102-7A84-4A63-A3EA-89BC8BD1898E}.Release|x64.Build.0 = Release|Any CPU
		{7FBE6102-7A84-4A63-A3EA-89BC8BD1898E}.Release|x86.ActiveCfg = Release|Any CPU
		{7FBE6102-7A84-4A63-A3EA-89BC8BD1898E}.Release|x86.Build.0 = Release|Any CPU
		{856E9B40-D94F-422C-A381-69DFAE5FF93D}.Debug|Any CPU.ActiveCfg = Debug|Any CPU
		{856E9B40-D94F-422C-A381-69DFAE5FF93D}.Debug|Any CPU.Build.0 = Debug|Any CPU
		{856E9B40-D94F-422C-A381-69DFAE5FF93D}.Debug|x64.ActiveCfg = Debug|Any CPU
		{856E9B40-D94F-422C-A381-69DFAE5FF93D}.Debug|x64.Build.0 = Debug|Any CPU
		{856E9B40-D94F-422C-A381-69DFAE5FF93D}.Debug|x86.ActiveCfg = Debug|Any CPU
		{856E9B40-D94F-422C-A381-69DFAE5FF93D}.Debug|x86.Build.0 = Debug|Any CPU
		{856E9B40-D94F-422C-A381-69DFAE5FF93D}.Release|Any CPU.ActiveCfg = Release|Any CPU
		{856E9B40-D94F-422C-A381-69DFAE5FF93D}.Release|Any CPU.Build.0 = Release|Any CPU
		{856E9B40-D94F-422C-A381-69DFAE5FF93D}.Release|x64.ActiveCfg = Release|Any CPU
		{856E9B40-D94F-422C-A381-69DFAE5FF93D}.Release|x64.Build.0 = Release|Any CPU
		{856E9B40-D94F-422C-A381-69DFAE5FF93D}.Release|x86.ActiveCfg = Release|Any CPU
		{856E9B40-D94F-422C-A381-69DFAE5FF93D}.Release|x86.Build.0 = Release|Any CPU
		{6750EC25-3BC9-486D-8272-72E097537EF8}.Debug|Any CPU.ActiveCfg = Debug|Any CPU
		{6750EC25-3BC9-486D-8272-72E097537EF8}.Debug|Any CPU.Build.0 = Debug|Any CPU
		{6750EC25-3BC9-486D-8272-72E097537EF8}.Debug|x64.ActiveCfg = Debug|x64
		{6750EC25-3BC9-486D-8272-72E097537EF8}.Debug|x64.Build.0 = Debug|x64
		{6750EC25-3BC9-486D-8272-72E097537EF8}.Debug|x86.ActiveCfg = Debug|Any CPU
		{6750EC25-3BC9-486D-8272-72E097537EF8}.Debug|x86.Build.0 = Debug|Any CPU
		{6750EC25-3BC9-486D-8272-72E097537EF8}.Release|Any CPU.ActiveCfg = Release|Any CPU
		{6750EC25-3BC9-486D-8272-72E097537EF8}.Release|Any CPU.Build.0 = Release|Any CPU
		{6750EC25-3BC9-486D-8272-72E097537EF8}.Release|x64.ActiveCfg = Release|x64
		{6750EC25-3BC9-486D-8272-72E097537EF8}.Release|x64.Build.0 = Release|x64
		{6750EC25-3BC9-486D-8272-72E097537EF8}.Release|x86.ActiveCfg = Release|Any CPU
		{6750EC25-3BC9-486D-8272-72E097537EF8}.Release|x86.Build.0 = Release|Any CPU
	EndGlobalSection
	GlobalSection(NestedProjects) = preSolution
		{856E9B40-D94F-422C-A381-69DFAE5FF93D} = {90819400-F240-11E8-A7A9-879353D008B0}
		{7FBE6102-7A84-4A63-A3EA-89BC8BD1898E} = {90819400-F240-11E8-A7A9-879353D008B0}
		{22819251-203B-458C-81F1-A6BC6ABC7085} = {7AB0B6A3-E23F-45ED-B880-BF8FC28EB55F}
		{6750EC25-3BC9-486D-8272-72E097537EF8} = {22819251-203B-458C-81F1-A6BC6ABC7085}
	EndGlobalSection
EndGlobal
